// !$*UTF8*$!
{
	archiveVersion = 1;
	classes = {
	};
	objectVersion = 50;
	objects = {

/* Begin PBXBuildFile section */
		741D90852230683900C26615 /* RoomSelectionTableViewController.swift in Sources */ = {isa = PBXBuildFile; fileRef = 741D90842230683900C26615 /* RoomSelectionTableViewController.swift */; };
		74542E392229F0460041FB9F /* AppDelegate.swift in Sources */ = {isa = PBXBuildFile; fileRef = 74542E382229F0460041FB9F /* AppDelegate.swift */; };
		74542E3E2229F0460041FB9F /* Main.storyboard in Resources */ = {isa = PBXBuildFile; fileRef = 74542E3C2229F0460041FB9F /* Main.storyboard */; };
		74542E402229F0480041FB9F /* Assets.xcassets in Resources */ = {isa = PBXBuildFile; fileRef = 74542E3F2229F0480041FB9F /* Assets.xcassets */; };
		74542E432229F0480041FB9F /* LaunchScreen.storyboard in Resources */ = {isa = PBXBuildFile; fileRef = 74542E412229F0480041FB9F /* LaunchScreen.storyboard */; };
		74542E4C2229F1890041FB9F /* Registration.swift in Sources */ = {isa = PBXBuildFile; fileRef = 74542E4B2229F1890041FB9F /* Registration.swift */; };
		74542E4E2229F35D0041FB9F /* RoomType.swift in Sources */ = {isa = PBXBuildFile; fileRef = 74542E4D2229F35D0041FB9F /* RoomType.swift */; };
		74542E502229F58C0041FB9F /* RegistrationTableViewController.swift in Sources */ = {isa = PBXBuildFile; fileRef = 74542E4F2229F58C0041FB9F /* RegistrationTableViewController.swift */; };
		74577D7E22330626006D28A0 /* GuestsListTableViewController.swift in Sources */ = {isa = PBXBuildFile; fileRef = 74577D7D22330626006D28A0 /* GuestsListTableViewController.swift */; };
		74CB752B222DF998000E4D85 /* ExtensionKeyboardHideByTapAround.swift in Sources */ = {isa = PBXBuildFile; fileRef = 74CB752A222DF998000E4D85 /* ExtensionKeyboardHideByTapAround.swift */; };
/* End PBXBuildFile section */

/* Begin PBXFileReference section */
		741D90842230683900C26615 /* RoomSelectionTableViewController.swift */ = {isa = PBXFileReference; lastKnownFileType = sourcecode.swift; path = RoomSelectionTableViewController.swift; sourceTree = "<group>"; };
		74542E352229F0460041FB9F /* Hotel Manzana.app */ = {isa = PBXFileReference; explicitFileType = wrapper.application; includeInIndex = 0; path = "Hotel Manzana.app"; sourceTree = BUILT_PRODUCTS_DIR; };
		74542E382229F0460041FB9F /* AppDelegate.swift */ = {isa = PBXFileReference; lastKnownFileType = sourcecode.swift; path = AppDelegate.swift; sourceTree = "<group>"; };
		74542E3D2229F0460041FB9F /* Base */ = {isa = PBXFileReference; lastKnownFileType = file.storyboard; name = Base; path = Base.lproj/Main.storyboard; sourceTree = "<group>"; };
		74542E3F2229F0480041FB9F /* Assets.xcassets */ = {isa = PBXFileReference; lastKnownFileType = folder.assetcatalog; path = Assets.xcassets; sourceTree = "<group>"; };
		74542E422229F0480041FB9F /* Base */ = {isa = PBXFileReference; lastKnownFileType = file.storyboard; name = Base; path = Base.lproj/LaunchScreen.storyboard; sourceTree = "<group>"; };
		74542E442229F0480041FB9F /* Info.plist */ = {isa = PBXFileReference; lastKnownFileType = text.plist.xml; path = Info.plist; sourceTree = "<group>"; };
		74542E4B2229F1890041FB9F /* Registration.swift */ = {isa = PBXFileReference; lastKnownFileType = sourcecode.swift; path = Registration.swift; sourceTree = "<group>"; };
		74542E4D2229F35D0041FB9F /* RoomType.swift */ = {isa = PBXFileReference; lastKnownFileType = sourcecode.swift; path = RoomType.swift; sourceTree = "<group>"; };
		74542E4F2229F58C0041FB9F /* RegistrationTableViewController.swift */ = {isa = PBXFileReference; lastKnownFileType = sourcecode.swift; path = RegistrationTableViewController.swift; sourceTree = "<group>"; };
		74577D7D22330626006D28A0 /* GuestsListTableViewController.swift */ = {isa = PBXFileReference; lastKnownFileType = sourcecode.swift; path = GuestsListTableViewController.swift; sourceTree = "<group>"; };
		74CB752A222DF998000E4D85 /* ExtensionKeyboardHideByTapAround.swift */ = {isa = PBXFileReference; lastKnownFileType = sourcecode.swift; path = ExtensionKeyboardHideByTapAround.swift; sourceTree = "<group>"; };
/* End PBXFileReference section */

/* Begin PBXFrameworksBuildPhase section */
		74542E322229F0460041FB9F /* Frameworks */ = {
			isa = PBXFrameworksBuildPhase;
			buildActionMask = 2147483647;
			files = (
			);
			runOnlyForDeploymentPostprocessing = 0;
		};
/* End PBXFrameworksBuildPhase section */

/* Begin PBXGroup section */
		74542E2C2229F0460041FB9F = {
			isa = PBXGroup;
			children = (
				74542E372229F0460041FB9F /* Hotel Manzana */,
				74542E362229F0460041FB9F /* Products */,
			);
			sourceTree = "<group>";
		};
		74542E362229F0460041FB9F /* Products */ = {
			isa = PBXGroup;
			children = (
				74542E352229F0460041FB9F /* Hotel Manzana.app */,
			);
			name = Products;
			sourceTree = "<group>";
		};
		74542E372229F0460041FB9F /* Hotel Manzana */ = {
			isa = PBXGroup;
			children = (
				74542E4A2229F1570041FB9F /* Model */,
				74577D7F223307D7006D28A0 /* View */,
				74542E512229F59C0041FB9F /* View Controllers */,
				74FCB2B82237289D00664E32 /* Supporting Files */,
			);
			path = "Hotel Manzana";
			sourceTree = "<group>";
		};
		74542E4A2229F1570041FB9F /* Model */ = {
			isa = PBXGroup;
			children = (
				74542E4B2229F1890041FB9F /* Registration.swift */,
				74542E4D2229F35D0041FB9F /* RoomType.swift */,
			);
			path = Model;
			sourceTree = "<group>";
		};
		74542E512229F59C0041FB9F /* View Controllers */ = {
			isa = PBXGroup;
			children = (
				74CB752A222DF998000E4D85 /* ExtensionKeyboardHideByTapAround.swift */,
				74577D7D22330626006D28A0 /* GuestsListTableViewController.swift */,
				74542E4F2229F58C0041FB9F /* RegistrationTableViewController.swift */,
				741D90842230683900C26615 /* RoomSelectionTableViewController.swift */,
			);
			path = "View Controllers";
			sourceTree = "<group>";
		};
		74577D7F223307D7006D28A0 /* View */ = {
			isa = PBXGroup;
			children = (
				74542E3C2229F0460041FB9F /* Main.storyboard */,
			);
			path = View;
			sourceTree = "<group>";
		};
		74FCB2B82237289D00664E32 /* Supporting Files */ = {
			isa = PBXGroup;
			children = (
				74542E412229F0480041FB9F /* LaunchScreen.storyboard */,
				74542E442229F0480041FB9F /* Info.plist */,
				74542E382229F0460041FB9F /* AppDelegate.swift */,
				74542E3F2229F0480041FB9F /* Assets.xcassets */,
			);
			path = "Supporting Files";
			sourceTree = "<group>";
		};
/* End PBXGroup section */

/* Begin PBXNativeTarget section */
		74542E342229F0460041FB9F /* Hotel Manzana */ = {
			isa = PBXNativeTarget;
			buildConfigurationList = 74542E472229F0480041FB9F /* Build configuration list for PBXNativeTarget "Hotel Manzana" */;
			buildPhases = (
				74542E312229F0460041FB9F /* Sources */,
				74542E322229F0460041FB9F /* Frameworks */,
				74542E332229F0460041FB9F /* Resources */,
			);
			buildRules = (
			);
			dependencies = (
			);
			name = "Hotel Manzana";
			productName = "Hotel Manzana";
			productReference = 74542E352229F0460041FB9F /* Hotel Manzana.app */;
			productType = "com.apple.product-type.application";
		};
/* End PBXNativeTarget section */

/* Begin PBXProject section */
		74542E2D2229F0460041FB9F /* Project object */ = {
			isa = PBXProject;
			attributes = {
				LastSwiftUpdateCheck = 1010;
				LastUpgradeCheck = 1010;
				ORGANIZATIONNAME = "Dmitry Novosyolov";
				TargetAttributes = {
					74542E342229F0460041FB9F = {
						CreatedOnToolsVersion = 10.1;
					};
				};
			};
			buildConfigurationList = 74542E302229F0460041FB9F /* Build configuration list for PBXProject "Hotel Manzana" */;
			compatibilityVersion = "Xcode 9.3";
			developmentRegion = en;
			hasScannedForEncodings = 0;
			knownRegions = (
				en,
				Base,
			);
			mainGroup = 74542E2C2229F0460041FB9F;
			productRefGroup = 74542E362229F0460041FB9F /* Products */;
			projectDirPath = "";
			projectRoot = "";
			targets = (
				74542E342229F0460041FB9F /* Hotel Manzana */,
			);
		};
/* End PBXProject section */

/* Begin PBXResourcesBuildPhase section */
		74542E332229F0460041FB9F /* Resources */ = {
			isa = PBXResourcesBuildPhase;
			buildActionMask = 2147483647;
			files = (
				74542E432229F0480041FB9F /* LaunchScreen.storyboard in Resources */,
				74542E402229F0480041FB9F /* Assets.xcassets in Resources */,
				74542E3E2229F0460041FB9F /* Main.storyboard in Resources */,
			);
			runOnlyForDeploymentPostprocessing = 0;
		};
/* End PBXResourcesBuildPhase section */

/* Begin PBXSourcesBuildPhase section */
		74542E312229F0460041FB9F /* Sources */ = {
			isa = PBXSourcesBuildPhase;
			buildActionMask = 2147483647;
			files = (
				74577D7E22330626006D28A0 /* GuestsListTableViewController.swift in Sources */,
				74542E4C2229F1890041FB9F /* Registration.swift in Sources */,
				74542E392229F0460041FB9F /* AppDelegate.swift in Sources */,
				74542E502229F58C0041FB9F /* RegistrationTableViewController.swift in Sources */,
				741D90852230683900C26615 /* RoomSelectionTableViewController.swift in Sources */,
				74542E4E2229F35D0041FB9F /* RoomType.swift in Sources */,
				74CB752B222DF998000E4D85 /* ExtensionKeyboardHideByTapAround.swift in Sources */,
			);
			runOnlyForDeploymentPostprocessing = 0;
		};
/* End PBXSourcesBuildPhase section */

/* Begin PBXVariantGroup section */
		74542E3C2229F0460041FB9F /* Main.storyboard */ = {
			isa = PBXVariantGroup;
			children = (
				74542E3D2229F0460041FB9F /* Base */,
			);
			name = Main.storyboard;
			sourceTree = "<group>";
		};
		74542E412229F0480041FB9F /* LaunchScreen.storyboard */ = {
			isa = PBXVariantGroup;
			children = (
				74542E422229F0480041FB9F /* Base */,
			);
			name = LaunchScreen.storyboard;
			sourceTree = "<group>";
		};
/* End PBXVariantGroup section */

/* Begin XCBuildConfiguration section */
		74542E452229F0480041FB9F /* Debug */ = {
			isa = XCBuildConfiguration;
			buildSettings = {
				ALWAYS_SEARCH_USER_PATHS = NO;
				CLANG_ANALYZER_NONNULL = YES;
				CLANG_ANALYZER_NUMBER_OBJECT_CONVERSION = YES_AGGRESSIVE;
				CLANG_CXX_LANGUAGE_STANDARD = "gnu++14";
				CLANG_CXX_LIBRARY = "libc++";
				CLANG_ENABLE_MODULES = YES;
				CLANG_ENABLE_OBJC_ARC = YES;
				CLANG_ENABLE_OBJC_WEAK = YES;
				CLANG_WARN_BLOCK_CAPTURE_AUTORELEASING = YES;
				CLANG_WARN_BOOL_CONVERSION = YES;
				CLANG_WARN_COMMA = YES;
				CLANG_WARN_CONSTANT_CONVERSION = YES;
				CLANG_WARN_DEPRECATED_OBJC_IMPLEMENTATIONS = YES;
				CLANG_WARN_DIRECT_OBJC_ISA_USAGE = YES_ERROR;
				CLANG_WARN_DOCUMENTATION_COMMENTS = YES;
				CLANG_WARN_EMPTY_BODY = YES;
				CLANG_WARN_ENUM_CONVERSION = YES;
				CLANG_WARN_INFINITE_RECURSION = YES;
				CLANG_WARN_INT_CONVERSION = YES;
				CLANG_WARN_NON_LITERAL_NULL_CONVERSION = YES;
				CLANG_WARN_OBJC_IMPLICIT_RETAIN_SELF = YES;
				CLANG_WARN_OBJC_LITERAL_CONVERSION = YES;
				CLANG_WARN_OBJC_ROOT_CLASS = YES_ERROR;
				CLANG_WARN_RANGE_LOOP_ANALYSIS = YES;
				CLANG_WARN_STRICT_PROTOTYPES = YES;
				CLANG_WARN_SUSPICIOUS_MOVE = YES;
				CLANG_WARN_UNGUARDED_AVAILABILITY = YES_AGGRESSIVE;
				CLANG_WARN_UNREACHABLE_CODE = YES;
				CLANG_WARN__DUPLICATE_METHOD_MATCH = YES;
				CODE_SIGN_IDENTITY = "iPhone Developer";
				COPY_PHASE_STRIP = NO;
				DEBUG_INFORMATION_FORMAT = dwarf;
				ENABLE_STRICT_OBJC_MSGSEND = YES;
				ENABLE_TESTABILITY = YES;
				GCC_C_LANGUAGE_STANDARD = gnu11;
				GCC_DYNAMIC_NO_PIC = NO;
				GCC_NO_COMMON_BLOCKS = YES;
				GCC_OPTIMIZATION_LEVEL = 0;
				GCC_PREPROCESSOR_DEFINITIONS = (
					"DEBUG=1",
					"$(inherited)",
				);
				GCC_WARN_64_TO_32_BIT_CONVERSION = YES;
				GCC_WARN_ABOUT_RETURN_TYPE = YES_ERROR;
				GCC_WARN_UNDECLARED_SELECTOR = YES;
				GCC_WARN_UNINITIALIZED_AUTOS = YES_AGGRESSIVE;
				GCC_WARN_UNUSED_FUNCTION = YES;
				GCC_WARN_UNUSED_VARIABLE = YES;
				IPHONEOS_DEPLOYMENT_TARGET = 12.1;
				MTL_ENABLE_DEBUG_INFO = INCLUDE_SOURCE;
				MTL_FAST_MATH = YES;
				ONLY_ACTIVE_ARCH = YES;
				SDKROOT = iphoneos;
				SWIFT_ACTIVE_COMPILATION_CONDITIONS = DEBUG;
				SWIFT_OPTIMIZATION_LEVEL = "-Onone";
			};
			name = Debug;
		};
		74542E462229F0480041FB9F /* Release */ = {
			isa = XCBuildConfiguration;
			buildSettings = {
				ALWAYS_SEARCH_USER_PATHS = NO;
				CLANG_ANALYZER_NONNULL = YES;
				CLANG_ANALYZER_NUMBER_OBJECT_CONVERSION = YES_AGGRESSIVE;
				CLANG_CXX_LANGUAGE_STANDARD = "gnu++14";
				CLANG_CXX_LIBRARY = "libc++";
				CLANG_ENABLE_MODULES = YES;
				CLANG_ENABLE_OBJC_ARC = YES;
				CLANG_ENABLE_OBJC_WEAK = YES;
				CLANG_WARN_BLOCK_CAPTURE_AUTORELEASING = YES;
				CLANG_WARN_BOOL_CONVERSION = YES;
				CLANG_WARN_COMMA = YES;
				CLANG_WARN_CONSTANT_CONVERSION = YES;
				CLANG_WARN_DEPRECATED_OBJC_IMPLEMENTATIONS = YES;
				CLANG_WARN_DIRECT_OBJC_ISA_USAGE = YES_ERROR;
				CLANG_WARN_DOCUMENTATION_COMMENTS = YES;
				CLANG_WARN_EMPTY_BODY = YES;
				CLANG_WARN_ENUM_CONVERSION = YES;
				CLANG_WARN_INFINITE_RECURSION = YES;
				CLANG_WARN_INT_CONVERSION = YES;
				CLANG_WARN_NON_LITERAL_NULL_CONVERSION = YES;
				CLANG_WARN_OBJC_IMPLICIT_RETAIN_SELF = YES;
				CLANG_WARN_OBJC_LITERAL_CONVERSION = YES;
				CLANG_WARN_OBJC_ROOT_CLASS = YES_ERROR;
				CLANG_WARN_RANGE_LOOP_ANALYSIS = YES;
				CLANG_WARN_STRICT_PROTOTYPES = YES;
				CLANG_WARN_SUSPICIOUS_MOVE = YES;
				CLANG_WARN_UNGUARDED_AVAILABILITY = YES_AGGRESSIVE;
				CLANG_WARN_UNREACHABLE_CODE = YES;
				CLANG_WARN__DUPLICATE_METHOD_MATCH = YES;
				CODE_SIGN_IDENTITY = "iPhone Developer";
				COPY_PHASE_STRIP = NO;
				DEBUG_INFORMATION_FORMAT = "dwarf-with-dsym";
				ENABLE_NS_ASSERTIONS = NO;
				ENABLE_STRICT_OBJC_MSGSEND = YES;
				GCC_C_LANGUAGE_STANDARD = gnu11;
				GCC_NO_COMMON_BLOCKS = YES;
				GCC_WARN_64_TO_32_BIT_CONVERSION = YES;
				GCC_WARN_ABOUT_RETURN_TYPE = YES_ERROR;
				GCC_WARN_UNDECLARED_SELECTOR = YES;
				GCC_WARN_UNINITIALIZED_AUTOS = YES_AGGRESSIVE;
				GCC_WARN_UNUSED_FUNCTION = YES;
				GCC_WARN_UNUSED_VARIABLE = YES;
				IPHONEOS_DEPLOYMENT_TARGET = 12.1;
				MTL_ENABLE_DEBUG_INFO = NO;
				MTL_FAST_MATH = YES;
				SDKROOT = iphoneos;
				SWIFT_COMPILATION_MODE = wholemodule;
				SWIFT_OPTIMIZATION_LEVEL = "-O";
				VALIDATE_PRODUCT = YES;
			};
			name = Release;
		};
		74542E482229F0480041FB9F /* Debug */ = {
			isa = XCBuildConfiguration;
			buildSettings = {
				ASSETCATALOG_COMPILER_APPICON_NAME = AppIcon;
				CODE_SIGN_STYLE = Automatic;
				DEVELOPMENT_TEAM = 3LF677RTA3;
				INFOPLIST_FILE = "$(SRCROOT)/Hotel Manzana/Supporting Files/Info.plist";
				LD_RUNPATH_SEARCH_PATHS = (
					"$(inherited)",
					"@executable_path/Frameworks",
				);
				PRODUCT_BUNDLE_IDENTIFIER = "learnSwift.Hotel-Manzana";
				PRODUCT_NAME = "$(TARGET_NAME)";
				SWIFT_VERSION = 4.2;
				TARGETED_DEVICE_FAMILY = "1,2";
			};
			name = Debug;
		};
		74542E492229F0480041FB9F /* Release */ = {
			isa = XCBuildConfiguration;
			buildSettings = {
				ASSETCATALOG_COMPILER_APPICON_NAME = AppIcon;
				CODE_SIGN_STYLE = Automatic;
				DEVELOPMENT_TEAM = 3LF677RTA3;
				INFOPLIST_FILE = "$(SRCROOT)/Hotel Manzana/Supporting Files/Info.plist";
				LD_RUNPATH_SEARCH_PATHS = (
					"$(inherited)",
					"@executable_path/Frameworks",
				);
				PRODUCT_BUNDLE_IDENTIFIER = "learnSwift.Hotel-Manzana";
				PRODUCT_NAME = "$(TARGET_NAME)";
				SWIFT_VERSION = 4.2;
				TARGETED_DEVICE_FAMILY = "1,2";
			};
			name = Release;
		};
/* End XCBuildConfiguration section */

/* Begin XCConfigurationList section */
		74542E302229F0460041FB9F /* Build configuration list for PBXProject "Hotel Manzana" */ = {
			isa = XCConfigurationList;
			buildConfigurations = (
				74542E452229F0480041FB9F /* Debug */,
				74542E462229F0480041FB9F /* Release */,
			);
			defaultConfigurationIsVisible = 0;
			defaultConfigurationName = Release;
		};
		74542E472229F0480041FB9F /* Build configuration list for PBXNativeTarget "Hotel Manzana" */ = {
			isa = XCConfigurationList;
			buildConfigurations = (
				74542E482229F0480041FB9F /* Debug */,
				74542E492229F0480041FB9F /* Release */,
			);
			defaultConfigurationIsVisible = 0;
			defaultConfigurationName = Release;
		};
/* End XCConfigurationList section */
	};
	rootObject = 74542E2D2229F0460041FB9F /* Project object */;
}
